lockfileVersion: '9.0'

settings:
  autoInstallPeers: true
  excludeLinksFromLockfile: false

importers:
  .:
    dependencies:
      bcryptjs:
        specifier: 2.4.3
        version: 2.4.3
      jose:
        specifier: 5.6.3
        version: 5.6.3
      next:
        specifier: 14.2.5
        version: 14.2.5
      pg:
        specifier: 8.12.0
        version: 8.12.0
      react:
        specifier: 18.3.1
        version: 18.3.1
      react-dom:
        specifier: 18.3.1
        version: 18.3.1
      zod:
        specifier: 3.23.8
        version: 3.23.8
    devDependencies:
      '@types/bcryptjs':
        specifier: 2.4.2
        version: 2.4.2
      '@types/node':
        specifier: 20.14.10
        version: 20.14.10
      '@types/pg':
        specifier: 8.11.6
        version: 8.11.6
      '@types/react':
        specifier: 18.3.3
        version: 18.3.3
      '@types/react-dom':
        specifier: 18.3.0
        version: 18.3.0
      eslint:
        specifier: 8.57.0
        version: 8.57.0
      eslint-config-next:
        specifier: 14.2.5
        version: 14.2.5
      typescript:
        specifier: 5.5.4
        version: 5.5.4

packages:
  /@types/bcryptjs@2.4.2:
    resolution: {integrity: ""}
    dev: true
  /@types/node@20.14.10:
    resolution: {integrity: ""}
    dev: true
  /@types/pg@8.11.6:
    resolution: {integrity: ""}
    dev: true
  /@types/react-dom@18.3.0:
    resolution: {integrity: ""}
    dev: true
  /@types/react@18.3.3:
    resolution: {integrity: ""}
    dev: true
  /bcryptjs@2.4.3:
    resolution: {integrity: ""}
  /eslint-config-next@14.2.5:
    resolution: {integrity: ""}
    dev: true
  /eslint@8.57.0:
    resolution: {integrity: ""}
    dev: true
  /jose@5.6.3:
    resolution: {integrity: ""}
  /next@14.2.5:
    resolution: {integrity: ""}
  /pg@8.12.0:
    resolution: {integrity: ""}
  /react-dom@18.3.1:
    resolution: {integrity: ""}
  /react@18.3.1:
    resolution: {integrity: ""}
  /typescript@5.5.4:
    resolution: {integrity: ""}
    dev: true
  /zod@3.23.8:
    resolution: {integrity: ""}
